
Microsoft Visual Studio Solution File, Format Version 12.00
# Visual Studio Version 17
VisualStudioVersion = 17.4.33205.214
MinimumVisualStudioVersion = 10.0.40219.1
Project("{9A19103F-16F7-4668-BE54-9A1E7A4F7556}") = "ContactManager", "ContactManager.csproj", "{91EFA760-0416-4000-98EE-F995C4138E00}"
EndProject
Global
	GlobalSection(SolutionConfigurationPlatforms) = preSolution
		Debug|Any CPU = Debug|Any CPU
		Release|Any CPU = Release|Any CPU
	EndGlobalSection
	GlobalSection(ProjectConfigurationPlatforms) = postSolution
		{91EFA760-0416-4000-98EE-F995C4138E00}.Debug|Any CPU.ActiveCfg = Debug|Any CPU
		{91EFA760-0416-4000-98EE-F995C4138E00}.Debug|Any CPU.Build.0 = Debug|Any CPU
		{91EFA760-0416-4000-98EE-F995C4138E00}.Release|Any CPU.ActiveCfg = Release|Any CPU
		{91EFA760-0416-4000-98EE-F995C4138E00}.Release|Any CPU.Build.0 = Release|Any CPU
	EndGlobalSection
	GlobalSection(SolutionProperties) = preSolution
		HideSolutionNode = FALSE
	EndGlobalSection
	GlobalSection(ExtensibilityGlobals) = postSolution
		SolutionGuid = {2861B344-8722-4F4D-A356-2F547B3D379C}
	EndGlobalSection
EndGlobal
